
Microsoft Visual Studio Solution File, Format Version 12.00
# Visual Studio Version 16
VisualStudioVersion = 16.0.31025.194
MinimumVisualStudioVersion = 10.0.40219.1
Project("{FAE04EC0-301F-11D3-BF4B-00C04F79EFBC}") = "WebAPI", "WebAPI\WebAPI.csproj", "{2515C940-FC0B-424B-B4CC-D6BEF9A5706E}"
EndProject
Global
	GlobalSection(SolutionConfigurationPlatforms) = preSolution
		Debug|Any CPU = Debug|Any CPU
		Release|Any CPU = Release|Any CPU
	EndGlobalSection
	GlobalSection(ProjectConfigurationPlatforms) = postSolution
		{2515C940-FC0B-424B-B4CC-D6BEF9A5706E}.Debug|Any CPU.ActiveCfg = Debug|Any CPU
		{2515C940-FC0B-424B-B4CC-D6BEF9A5706E}.Debug|Any CPU.Build.0 = Debug|Any CPU
		{2515C940-FC0B-424B-B4CC-D6BEF9A5706E}.Release|Any CPU.ActiveCfg = Release|Any CPU
		{2515C940-FC0B-424B-B4CC-D6BEF9A5706E}.Release|Any CPU.Build.0 = Release|Any CPU
	EndGlobalSection
	GlobalSection(SolutionProperties) = preSolution
		HideSolutionNode = FALSE
	EndGlobalSection
	GlobalSection(ExtensibilityGlobals) = postSolution
		SolutionGuid = {5CCB23C5-718C-4D7B-950C-21F30634BAF4}
	EndGlobalSection
EndGlobal
